
Microsoft Visual Studio Solution File, Format Version 12.00
# Visual Studio Version 16
VisualStudioVersion = 16.0.31005.135
MinimumVisualStudioVersion = 10.0.40219.1
Project("{FAE04EC0-301F-11D3-BF4B-00C04F79EFBC}") = "Pacmanv2", "Pacmanv2\Pacmanv2.csproj", "{E7E6CAC8-A2B6-4BBC-A729-486C9B259757}"
EndProject
Global
	GlobalSection(SolutionConfigurationPlatforms) = preSolution
		Debug|Any CPU = Debug|Any CPU
		Release|Any CPU = Release|Any CPU
	EndGlobalSection
	GlobalSection(ProjectConfigurationPlatforms) = postSolution
		{E7E6CAC8-A2B6-4BBC-A729-486C9B259757}.Debug|Any CPU.ActiveCfg = Debug|Any CPU
		{E7E6CAC8-A2B6-4BBC-A729-486C9B259757}.Debug|Any CPU.Build.0 = Debug|Any CPU
		{E7E6CAC8-A2B6-4BBC-A729-486C9B259757}.Release|Any CPU.ActiveCfg = Release|Any CPU
		{E7E6CAC8-A2B6-4BBC-A729-486C9B259757}.Release|Any CPU.Build.0 = Release|Any CPU
	EndGlobalSection
	GlobalSection(SolutionProperties) = preSolution
		HideSolutionNode = FALSE
	EndGlobalSection
	GlobalSection(ExtensibilityGlobals) = postSolution
		SolutionGuid = {FA3F696B-6365-4A99-A6FB-26B8AB0FDD16}
	EndGlobalSection
EndGlobal
